# This file is automatically @generated by Cargo.
# It is not intended for manual editing.
version = 4

[[package]]
name = "rzkfold"
version = "0.1.0"
dependencies = [
 "vecli",
]

[[package]]
name = "vecli"
version = "0.3.2"
source = "registry+https://github.com/rust-lang/crates.io-index"
checksum = "3cf90891ba51807540ce8139297474aee12fb9a26cfcdc4a6a2bae313d2a68c2"
